
Microsoft Visual Studio Solution File, Format Version 12.00
# Visual Studio Version 16
VisualStudioVersion = 16.0.31729.503
MinimumVisualStudioVersion = 10.0.40219.1
Project("{FAE04EC0-301F-11D3-BF4B-00C04F79EFBC}") = "SQLiteDemo.Bootstrapper", "SQLiteDemo.Bootstrapper\SQLiteDemo.Bootstrapper.csproj", "{CDDB157A-8D4C-4F24-A98D-BAB562C7527F}"
EndProject
Project("{FAE04EC0-301F-11D3-BF4B-00C04F79EFBC}") = "SQLiteDemo.View", "SQLiteDemo.View\SQLiteDemo.View.csproj", "{D2449CC0-BF85-4945-A023-1BD72C1EA1A9}"
EndProject
Project("{FAE04EC0-301F-11D3-BF4B-00C04F79EFBC}") = "SQLiteDemo.Model", "SQLiteDemo.Model\SQLiteDemo.Model.csproj", "{7920192B-DDE4-4174-82CB-B0128727E289}"
EndProject
Project("{FAE04EC0-301F-11D3-BF4B-00C04F79EFBC}") = "SQLiteDemo.ViewModel", "SQLiteDemo.ViewModel\SQLiteDemo.ViewModel.csproj", "{FB96B3AB-55D8-495C-9F0E-D25B68E018AB}"
EndProject
Project("{2150E333-8FDC-42A3-9474-1A3956D46DE8}") = "SQLiteDemo.DataAccess", "SQLiteDemo.DataAccess", "{578AC149-43F5-4437-A49E-280238123DC3}"
EndProject
Project("{FAE04EC0-301F-11D3-BF4B-00C04F79EFBC}") = "SQLiteDemo.DataAccess.SQLite", "SQLiteDemo.DataAccess.SQLite\SQLiteDemo.DataAccess.SQLite.csproj", "{1203A8A5-1225-4C25-ABDF-8CF6E349D7CF}"
EndProject
Project("{FAE04EC0-301F-11D3-BF4B-00C04F79EFBC}") = "SQLiteDemo.DataAccess.Common", "SQLiteDemo.DataAccess.Common\SQLiteDemo.DataAccess.Common.csproj", "{A23BBB01-718A-4276-AE40-58A6D2C58080}"
EndProject
Project("{2150E333-8FDC-42A3-9474-1A3956D46DE8}") = "SQLiteDemo.Tests", "SQLiteDemo.Tests", "{F8171E69-E710-4A45-8EF8-77BE77E558A2}"
EndProject
Project("{FAE04EC0-301F-11D3-BF4B-00C04F79EFBC}") = "SQLiteDemo.ViewModel.UnitTest", "SQLiteDemo.ViewModel.Test\SQLiteDemo.ViewModel.UnitTest.csproj", "{AA58A090-0A29-48DF-99B0-D2694AF71420}"
EndProject
Project("{FAE04EC0-301F-11D3-BF4B-00C04F79EFBC}") = "SQLiteDemo.Tests.Common", "SQLiteDemo.Tests.Common\SQLiteDemo.Tests.Common.csproj", "{631E6A22-925B-4DE1-BE10-35901C829CD7}"
EndProject
Global
	GlobalSection(SolutionConfigurationPlatforms) = preSolution
		Debug|Any CPU = Debug|Any CPU
		Release|Any CPU = Release|Any CPU
	EndGlobalSection
	GlobalSection(ProjectConfigurationPlatforms) = postSolution
		{CDDB157A-8D4C-4F24-A98D-BAB562C7527F}.Debug|Any CPU.ActiveCfg = Debug|Any CPU
		{CDDB157A-8D4C-4F24-A98D-BAB562C7527F}.Debug|Any CPU.Build.0 = Debug|Any CPU
		{CDDB157A-8D4C-4F24-A98D-BAB562C7527F}.Release|Any CPU.ActiveCfg = Release|Any CPU
		{CDDB157A-8D4C-4F24-A98D-BAB562C7527F}.Release|Any CPU.Build.0 = Release|Any CPU
		{D2449CC0-BF85-4945-A023-1BD72C1EA1A9}.Debug|Any CPU.ActiveCfg = Debug|Any CPU
		{D2449CC0-BF85-4945-A023-1BD72C1EA1A9}.Debug|Any CPU.Build.0 = Debug|Any CPU
		{D2449CC0-BF85-4945-A023-1BD72C1EA1A9}.Release|Any CPU.ActiveCfg = Release|Any CPU
		{D2449CC0-BF85-4945-A023-1BD72C1EA1A9}.Release|Any CPU.Build.0 = Release|Any CPU
		{7920192B-DDE4-4174-82CB-B0128727E289}.Debug|Any CPU.ActiveCfg = Debug|Any CPU
		{7920192B-DDE4-4174-82CB-B0128727E289}.Debug|Any CPU.Build.0 = Debug|Any CPU
		{7920192B-DDE4-4174-82CB-B0128727E289}.Release|Any CPU.ActiveCfg = Release|Any CPU
		{7920192B-DDE4-4174-82CB-B0128727E289}.Release|Any CPU.Build.0 = Release|Any CPU
		{FB96B3AB-55D8-495C-9F0E-D25B68E018AB}.Debug|Any CPU.ActiveCfg = Debug|Any CPU
		{FB96B3AB-55D8-495C-9F0E-D25B68E018AB}.Debug|Any CPU.Build.0 = Debug|Any CPU
		{FB96B3AB-55D8-495C-9F0E-D25B68E018AB}.Release|Any CPU.ActiveCfg = Release|Any CPU
		{FB96B3AB-55D8-495C-9F0E-D25B68E018AB}.Release|Any CPU.Build.0 = Release|Any CPU
		{1203A8A5-1225-4C25-ABDF-8CF6E349D7CF}.Debug|Any CPU.ActiveCfg = Debug|Any CPU
		{1203A8A5-1225-4C25-ABDF-8CF6E349D7CF}.Debug|Any CPU.Build.0 = Debug|Any CPU
		{1203A8A5-1225-4C25-ABDF-8CF6E349D7CF}.Release|Any CPU.ActiveCfg = Release|Any CPU
		{1203A8A5-1225-4C25-ABDF-8CF6E349D7CF}.Release|Any CPU.Build.0 = Release|Any CPU
		{A23BBB01-718A-4276-AE40-58A6D2C58080}.Debug|Any CPU.ActiveCfg = Debug|Any CPU
		{A23BBB01-718A-4276-AE40-58A6D2C58080}.Debug|Any CPU.Build.0 = Debug|Any CPU
		{A23BBB01-718A-4276-AE40-58A6D2C58080}.Release|Any CPU.ActiveCfg = Release|Any CPU
		{A23BBB01-718A-4276-AE40-58A6D2C58080}.Release|Any CPU.Build.0 = Release|Any CPU
		{AA58A090-0A29-48DF-99B0-D2694AF71420}.Debug|Any CPU.ActiveCfg = Debug|Any CPU
		{AA58A090-0A29-48DF-99B0-D2694AF71420}.Debug|Any CPU.Build.0 = Debug|Any CPU
		{AA58A090-0A29-48DF-99B0-D2694AF71420}.Release|Any CPU.ActiveCfg = Release|Any CPU
		{AA58A090-0A29-48DF-99B0-D2694AF71420}.Release|Any CPU.Build.0 = Release|Any CPU
		{631E6A22-925B-4DE1-BE10-35901C829CD7}.Debug|Any CPU.ActiveCfg = Debug|Any CPU
		{631E6A22-925B-4DE1-BE10-35901C829CD7}.Debug|Any CPU.Build.0 = Debug|Any CPU
		{631E6A22-925B-4DE1-BE10-35901C829CD7}.Release|Any CPU.ActiveCfg = Release|Any CPU
		{631E6A22-925B-4DE1-BE10-35901C829CD7}.Release|Any CPU.Build.0 = Release|Any CPU
	EndGlobalSection
	GlobalSection(SolutionProperties) = preSolution
		HideSolutionNode = FALSE
	EndGlobalSection
	GlobalSection(NestedProjects) = preSolution
		{1203A8A5-1225-4C25-ABDF-8CF6E349D7CF} = {578AC149-43F5-4437-A49E-280238123DC3}
		{A23BBB01-718A-4276-AE40-58A6D2C58080} = {578AC149-43F5-4437-A49E-280238123DC3}
		{AA58A090-0A29-48DF-99B0-D2694AF71420} = {F8171E69-E710-4A45-8EF8-77BE77E558A2}
		{631E6A22-925B-4DE1-BE10-35901C829CD7} = {F8171E69-E710-4A45-8EF8-77BE77E558A2}
	EndGlobalSection
	GlobalSection(ExtensibilityGlobals) = postSolution
		SolutionGuid = {5AE212D0-85C0-4193-B911-015A4D6AA201}
	EndGlobalSection
EndGlobal
